
Microsoft Visual Studio Solution File, Format Version 12.00
# Visual Studio Version 16
VisualStudioVersion = 16.0.30503.244
MinimumVisualStudioVersion = 10.0.40219.1
Project("{FAE04EC0-301F-11D3-BF4B-00C04F79EFBC}") = "Projet-ADO", "Projet-ADO\Projet-ADO.csproj", "{07622BD9-8782-4ABC-AD14-CC5C099AE783}"
EndProject
Global
	GlobalSection(SolutionConfigurationPlatforms) = preSolution
		Debug|Any CPU = Debug|Any CPU
		Release|Any CPU = Release|Any CPU
	EndGlobalSection
	GlobalSection(ProjectConfigurationPlatforms) = postSolution
		{07622BD9-8782-4ABC-AD14-CC5C099AE783}.Debug|Any CPU.ActiveCfg = Debug|Any CPU
		{07622BD9-8782-4ABC-AD14-CC5C099AE783}.Debug|Any CPU.Build.0 = Debug|Any CPU
		{07622BD9-8782-4ABC-AD14-CC5C099AE783}.Release|Any CPU.ActiveCfg = Release|Any CPU
		{07622BD9-8782-4ABC-AD14-CC5C099AE783}.Release|Any CPU.Build.0 = Release|Any CPU
	EndGlobalSection
	GlobalSection(SolutionProperties) = preSolution
		HideSolutionNode = FALSE
	EndGlobalSection
	GlobalSection(ExtensibilityGlobals) = postSolution
		SolutionGuid = {88877F12-850C-4224-B098-038415E77349}
	EndGlobalSection
EndGlobal
